
Microsoft Visual Studio Solution File, Format Version 12.00
Project("{FAE04EC0-301F-11D3-BF4B-00C04F79EFBC}") = "AsciiInvaders", "AsciiInvaders.csproj", "{C34C512E-0AB4-48A6-8657-1BD50A03DB20}"
EndProject
Global
	GlobalSection(SolutionConfigurationPlatforms) = preSolution
		Debug|Any CPU = Debug|Any CPU
		Release|Any CPU = Release|Any CPU
	EndGlobalSection
	GlobalSection(ProjectConfigurationPlatforms) = postSolution
		{C34C512E-0AB4-48A6-8657-1BD50A03DB20}.Debug|Any CPU.ActiveCfg = Debug|Any CPU
		{C34C512E-0AB4-48A6-8657-1BD50A03DB20}.Debug|Any CPU.Build.0 = Debug|Any CPU
		{C34C512E-0AB4-48A6-8657-1BD50A03DB20}.Release|Any CPU.ActiveCfg = Release|Any CPU
		{C34C512E-0AB4-48A6-8657-1BD50A03DB20}.Release|Any CPU.Build.0 = Release|Any CPU
	EndGlobalSection
EndGlobal
